
Microsoft Visual Studio Solution File, Format Version 12.00
# Visual Studio Version 17
VisualStudioVersion = 17.4.33403.182
MinimumVisualStudioVersion = 10.0.40219.1
Project("{FAE04EC0-301F-11D3-BF4B-00C04F79EFBC}") = "Push", "Push.csproj", "{8582437D-5D0D-4C8D-BD63-7DB98291EE8C}"
EndProject
Global
	GlobalSection(SolutionConfigurationPlatforms) = preSolution
		Debug|Any CPU = Debug|Any CPU
		Release|Any CPU = Release|Any CPU
	EndGlobalSection
	GlobalSection(ProjectConfigurationPlatforms) = postSolution
		{8582437D-5D0D-4C8D-BD63-7DB98291EE8C}.Debug|Any CPU.ActiveCfg = Debug|Any CPU
		{8582437D-5D0D-4C8D-BD63-7DB98291EE8C}.Debug|Any CPU.Build.0 = Debug|Any CPU
		{8582437D-5D0D-4C8D-BD63-7DB98291EE8C}.Release|Any CPU.ActiveCfg = Release|Any CPU
		{8582437D-5D0D-4C8D-BD63-7DB98291EE8C}.Release|Any CPU.Build.0 = Release|Any CPU
	EndGlobalSection
	GlobalSection(SolutionProperties) = preSolution
		HideSolutionNode = FALSE
	EndGlobalSection
	GlobalSection(ExtensibilityGlobals) = postSolution
		SolutionGuid = {91AD9E8D-BD75-4396-B4AD-15DB4E011453}
	EndGlobalSection
EndGlobal
